
Microsoft Visual Studio Solution File, Format Version 12.00
# Visual Studio 15
VisualStudioVersion = 15.0.28307.329
MinimumVisualStudioVersion = 10.0.40219.1
Project("{FAE04EC0-301F-11D3-BF4B-00C04F79EFBC}") = "Proyecto", "Proyecto\Proyecto.csproj", "{33D12662-EFFA-4953-989A-4E62A5A36ED0}"
EndProject
Global
	GlobalSection(SolutionConfigurationPlatforms) = preSolution
		Debug|Any CPU = Debug|Any CPU
		Release|Any CPU = Release|Any CPU
	EndGlobalSection
	GlobalSection(ProjectConfigurationPlatforms) = postSolution
		{33D12662-EFFA-4953-989A-4E62A5A36ED0}.Debug|Any CPU.ActiveCfg = Debug|Any CPU
		{33D12662-EFFA-4953-989A-4E62A5A36ED0}.Debug|Any CPU.Build.0 = Debug|Any CPU
		{33D12662-EFFA-4953-989A-4E62A5A36ED0}.Release|Any CPU.ActiveCfg = Release|Any CPU
		{33D12662-EFFA-4953-989A-4E62A5A36ED0}.Release|Any CPU.Build.0 = Release|Any CPU
	EndGlobalSection
	GlobalSection(SolutionProperties) = preSolution
		HideSolutionNode = FALSE
	EndGlobalSection
	GlobalSection(ExtensibilityGlobals) = postSolution
		SolutionGuid = {21B6429E-0D0E-4AA8-A114-11701A92EE05}
	EndGlobalSection
EndGlobal
